
Microsoft Visual Studio Solution File, Format Version 12.00
# Visual Studio Version 17
VisualStudioVersion = 17.11.35327.3
MinimumVisualStudioVersion = 10.0.40219.1
Project("{FAE04EC0-301F-11D3-BF4B-00C04F79EFBC}") = "calc3", "calc3.csproj", "{FCC95E5E-79F2-43E6-94FA-B82A46F921A0}"
EndProject
Project("{FAE04EC0-301F-11D3-BF4B-00C04F79EFBC}") = "ValidCalc3.Tests", "..\ValidCalc3.Tests\ValidCalc3.Tests.csproj", "{51D149C1-C244-448F-915D-0C7F488DC067}"
EndProject
Global
	GlobalSection(SolutionConfigurationPlatforms) = preSolution
		Debug|Any CPU = Debug|Any CPU
		Release|Any CPU = Release|Any CPU
	EndGlobalSection
	GlobalSection(ProjectConfigurationPlatforms) = postSolution
		{FCC95E5E-79F2-43E6-94FA-B82A46F921A0}.Debug|Any CPU.ActiveCfg = Debug|Any CPU
		{FCC95E5E-79F2-43E6-94FA-B82A46F921A0}.Debug|Any CPU.Build.0 = Debug|Any CPU
		{FCC95E5E-79F2-43E6-94FA-B82A46F921A0}.Release|Any CPU.ActiveCfg = Release|Any CPU
		{FCC95E5E-79F2-43E6-94FA-B82A46F921A0}.Release|Any CPU.Build.0 = Release|Any CPU
		{51D149C1-C244-448F-915D-0C7F488DC067}.Debug|Any CPU.ActiveCfg = Debug|Any CPU
		{51D149C1-C244-448F-915D-0C7F488DC067}.Debug|Any CPU.Build.0 = Debug|Any CPU
		{51D149C1-C244-448F-915D-0C7F488DC067}.Release|Any CPU.ActiveCfg = Release|Any CPU
		{51D149C1-C244-448F-915D-0C7F488DC067}.Release|Any CPU.Build.0 = Release|Any CPU
	EndGlobalSection
	GlobalSection(SolutionProperties) = preSolution
		HideSolutionNode = FALSE
	EndGlobalSection
	GlobalSection(ExtensibilityGlobals) = postSolution
		SolutionGuid = {2025162E-C638-4DFC-9D51-FACB3BAC1F4C}
	EndGlobalSection
EndGlobal
